
Microsoft Visual Studio Solution File, Format Version 12.00
# Visual Studio 15
VisualStudioVersion = 15.0.26228.9
MinimumVisualStudioVersion = 10.0.40219.1
Project("{2150E333-8FDC-42A3-9474-1A3956D46DE8}") = "src", "src", "{CC9BE2FF-6D65-4F07-B078-08F8A48D66CE}"
EndProject
Project("{2150E333-8FDC-42A3-9474-1A3956D46DE8}") = "test", "test", "{811F91F7-7F69-4371-B996-4E6197BC42EF}"
EndProject
Project("{9A19103F-16F7-4668-BE54-9A1E7A4F7556}") = "BitBool.HttpMonitor.Agent", "src\BitBool.HttpMonitor.Agent\BitBool.HttpMonitor.Agent.csproj", "{C7E0743A-D195-4699-B253-DBE4CCF159A5}"
EndProject
Project("{FAE04EC0-301F-11D3-BF4B-00C04F79EFBC}") = "BitBool.HttpMonitor.Agent.Tests", "test\BitBool.HttpMonitor.Agent.Tests\BitBool.HttpMonitor.Agent.Tests.csproj", "{8490BBED-4385-4021-A39B-23DEA447C080}"
EndProject
Global
	GlobalSection(SolutionConfigurationPlatforms) = preSolution
		Debug|Any CPU = Debug|Any CPU
		Release|Any CPU = Release|Any CPU
	EndGlobalSection
	GlobalSection(ProjectConfigurationPlatforms) = postSolution
		{C7E0743A-D195-4699-B253-DBE4CCF159A5}.Debug|Any CPU.ActiveCfg = Debug|Any CPU
		{C7E0743A-D195-4699-B253-DBE4CCF159A5}.Debug|Any CPU.Build.0 = Debug|Any CPU
		{C7E0743A-D195-4699-B253-DBE4CCF159A5}.Release|Any CPU.ActiveCfg = Release|Any CPU
		{C7E0743A-D195-4699-B253-DBE4CCF159A5}.Release|Any CPU.Build.0 = Release|Any CPU
		{8490BBED-4385-4021-A39B-23DEA447C080}.Debug|Any CPU.ActiveCfg = Debug|Any CPU
		{8490BBED-4385-4021-A39B-23DEA447C080}.Debug|Any CPU.Build.0 = Debug|Any CPU
		{8490BBED-4385-4021-A39B-23DEA447C080}.Release|Any CPU.ActiveCfg = Release|Any CPU
		{8490BBED-4385-4021-A39B-23DEA447C080}.Release|Any CPU.Build.0 = Release|Any CPU
	EndGlobalSection
	GlobalSection(SolutionProperties) = preSolution
		HideSolutionNode = FALSE
	EndGlobalSection
	GlobalSection(NestedProjects) = preSolution
		{C7E0743A-D195-4699-B253-DBE4CCF159A5} = {CC9BE2FF-6D65-4F07-B078-08F8A48D66CE}
		{8490BBED-4385-4021-A39B-23DEA447C080} = {811F91F7-7F69-4371-B996-4E6197BC42EF}
	EndGlobalSection
EndGlobal
